{
  "name": "refresh-token-got-it",
  "version": "1.0.0",
  "lockfileVersion": 3,
  "requires": true,
  "packages": {
    "": {
      "name": "refresh-token-got-it",
      "version": "1.0.0",
      "dependencies": {
        "proxy-agent": "^7.0.0"
      },
      "engines": {
        "node": ">=18"
      }
    },
    "node_modules/agent-base": {
      "version": "8.0.0",
      "resolved": "https://registry.npmmirror.com/agent-base/-/agent-base-8.0.0.tgz",
      "integrity": "sha512-QT8i0hCz6C/KQ+KTAbSNwCHDGdmUJl2tp2ZpNlGSWCfhUNVbYG2WLE3MdZGBAgXPV4GAvjGMxo+C1hroyxmZEg==",
      "license": "MIT",
      "engines": {
        "node": ">= 14"
      }
    },
    "node_modules/ast-types": {
      "version": "0.13.4",
      "resolved": "https://registry.npmmirror.com/ast-types/-/ast-types-0.13.4.tgz",
      "integrity": "sha512-x1FCFnFifvYDDzTaLII71vG5uvDwgtmDTEVWAxrgeiR8VjMONcCXJx7E+USjDtHlwFmt9MysbqgF9b9Vjr6w+w==",
      "license": "MIT",
      "dependencies": {
        "tslib": "^2.0.1"
      },
      "engines": {
        "node": ">=4"
      }
    },
    "node_modules/basic-ftp": {
      "version": "5.2.0",
      "resolved": "https://registry.npmmirror.com/basic-ftp/-/basic-ftp-5.2.0.tgz",
      "integrity": "sha512-VoMINM2rqJwJgfdHq6RiUudKt2BV+FY5ZFezP/ypmwayk68+NzzAQy4XXLlqsGD4MCzq3DrmNFD/uUmBJuGoXw==",
      "license": "MIT",
      "engines": {
        "node": ">=10.0.0"
      }
    },
    "node_modules/data-uri-to-buffer": {
      "version": "7.0.0",
      "resolved": "https://registry.npmmirror.com/data-uri-to-buffer/-/data-uri-to-buffer-7.0.0.tgz",
      "integrity": "sha512-CuRUx0TXGSbbWdEci3VK/XOZGP3n0P4pIKpsqpVtBqaIIuj3GKK8H45oAqA4Rg8FHipc+CzRdUzmD4YQXxv66Q==",
      "license": "MIT",
      "engines": {
        "node": ">= 14"
      }
    },
    "node_modules/debug": {
      "version": "4.4.3",
      "resolved": "https://registry.npmmirror.com/debug/-/debug-4.4.3.tgz",
      "integrity": "sha512-RGwwWnwQvkVfavKVt22FGLw+xYSdzARwm0ru6DhTVA3umU5hZc28V3kO4stgYryrTlLpuvgI9GiijltAjNbcqA==",
      "license": "MIT",
      "dependencies": {
        "ms": "^2.1.3"
      },
      "engines": {
        "node": ">=6.0"
      },
      "peerDependenciesMeta": {
        "supports-color": {
          "optional": true
        }
      }
    },
    "node_modules/degenerator": {
      "version": "6.0.0",
      "resolved": "https://registry.npmmirror.com/degenerator/-/degenerator-6.0.0.tgz",
      "integrity": "sha512-j5MdXdefrecJeSqTpUrgZd4fBsD2IxZx0JlJD+n1Q7+aTf7/HcyXSfHsicPW6ekPurX159v1ZYla6OJgSPh2Dw==",
      "license": "MIT",
      "dependencies": {
        "ast-types": "^0.13.4",
        "escodegen": "^2.1.0",
        "esprima": "^4.0.1"
      },
      "engines": {
        "node": ">= 14"
      },
      "peerDependencies": {
        "quickjs-wasi": "^0.0.1"
      }
    },
    "node_modules/escodegen": {
      "version": "2.1.0",
      "resolved": "https://registry.npmmirror.com/escodegen/-/escodegen-2.1.0.tgz",
      "integrity": "sha512-2NlIDTwUWJN0mRPQOdtQBzbUHvdGY2P1VXSyU83Q3xKxM7WHX2Ql8dKq782Q9TgQUNOLEzEYu9bzLNj1q88I5w==",
      "license": "BSD-2-Clause",
      "dependencies": {
        "esprima": "^4.0.1",
        "estraverse": "^5.2.0",
        "esutils": "^2.0.2"
      },
      "bin": {
        "escodegen": "bin/escodegen.js",
        "esgenerate": "bin/esgenerate.js"
      },
      "engines": {
        "node": ">=6.0"
      },
      "optionalDependencies": {
        "source-map": "~0.6.1"
      }
    },
    "node_modules/esprima": {
      "version": "4.0.1",
      "resolved": "https://registry.npmmirror.com/esprima/-/esprima-4.0.1.tgz",
      "integrity": "sha512-eGuFFw7Upda+g4p+QHvnW0RyTX/SVeJBDM/gCtMARO0cLuT2HcEKnTPvhjV6aGeqrCB/sbNop0Kszm0jsaWU4A==",
      "license": "BSD-2-Clause",
      "bin": {
        "esparse": "bin/esparse.js",
        "esvalidate": "bin/esvalidate.js"
      },
      "engines": {
        "node": ">=4"
      }
    },
    "node_modules/estraverse": {
      "version": "5.3.0",
      "resolved": "https://registry.npmmirror.com/estraverse/-/estraverse-5.3.0.tgz",
      "integrity": "sha512-MMdARuVEQziNTeJD8DgMqmhwR11BRQ/cBP+pLtYdSTnf3MIO8fFeiINEbX36ZdNlfU/7A9f3gUw49B3oQsvwBA==",
      "license": "BSD-2-Clause",
      "engines": {
        "node": ">=4.0"
      }
    },
    "node_modules/esutils": {
      "version": "2.0.3",
      "resolved": "https://registry.npmmirror.com/esutils/-/esutils-2.0.3.tgz",
      "integrity": "sha512-kVscqXk4OCp68SZ0dkgEKVi6/8ij300KBWTJq32P/dYeWTSwK41WyTxalN1eRmA5Z9UU/LX9D7FWSmV9SAYx6g==",
      "license": "BSD-2-Clause",
      "engines": {
        "node": ">=0.10.0"
      }
    },
    "node_modules/get-uri": {
      "version": "7.0.0",
      "resolved": "https://registry.npmmirror.com/get-uri/-/get-uri-7.0.0.tgz",
      "integrity": "sha512-ZsC7KQxm1Hra8yO0RvMZ4lGJT7vnBtSNpEHKq39MPN7vjuvCiu1aQ8rkXUaIXG1y/TSDez97Gmv04ibnYqCp/A==",
      "license": "MIT",
      "dependencies": {
        "basic-ftp": "^5.0.2",
        "data-uri-to-buffer": "7.0.0",
        "debug": "^4.3.4"
      },
      "engines": {
        "node": ">= 14"
      }
    },
    "node_modules/http-proxy-agent": {
      "version": "8.0.0",
      "resolved": "https://registry.npmmirror.com/http-proxy-agent/-/http-proxy-agent-8.0.0.tgz",
      "integrity": "sha512-7pose0uGgrCJeH2Qh4JcNhWZp3u/oNrWjNYDK4ydOLxOpTw8V8ogHFAmkz0VWq96JBFj4umVJpvmQi287rSYLg==",
      "license": "MIT",
      "dependencies": {
        "agent-base": "8.0.0",
        "debug": "^4.3.4"
      },
      "engines": {
        "node": ">= 14"
      }
    },
    "node_modules/https-proxy-agent": {
      "version": "8.0.0",
      "resolved": "https://registry.npmmirror.com/https-proxy-agent/-/https-proxy-agent-8.0.0.tgz",
      "integrity": "sha512-YYeW+iCnAS3xhvj2dvVoWgsbca3RfQy/IlaNHHOtDmU0jMqPI9euIq3Y9BJETdxk16h9NHHCKqp/KB9nIMStCQ==",
      "license": "MIT",
      "dependencies": {
        "agent-base": "8.0.0",
        "debug": "^4.3.4"
      },
      "engines": {
        "node": ">= 14"
      }
    },
    "node_modules/ip-address": {
      "version": "10.1.0",
      "resolved": "https://registry.npmmirror.com/ip-address/-/ip-address-10.1.0.tgz",
      "integrity": "sha512-XXADHxXmvT9+CRxhXg56LJovE+bmWnEWB78LB83VZTprKTmaC5QfruXocxzTZ2Kl0DNwKuBdlIhjL8LeY8Sf8Q==",
      "license": "MIT",
      "engines": {
        "node": ">= 12"
      }
    },
    "node_modules/lru-cache": {
      "version": "7.18.3",
      "resolved": "https://registry.npmmirror.com/lru-cache/-/lru-cache-7.18.3.tgz",
      "integrity": "sha512-jumlc0BIUrS3qJGgIkWZsyfAM7NCWiBcCDhnd+3NNM5KbBmLTgHVfWBcg6W+rLUsIpzpERPsvwUP7CckAQSOoA==",
      "license": "ISC",
      "engines": {
        "node": ">=12"
      }
    },
    "node_modules/ms": {
      "version": "2.1.3",
      "resolved": "https://registry.npmmirror.com/ms/-/ms-2.1.3.tgz",
      "integrity": "sha512-6FlzubTLZG3J2a/NVCAleEhjzq5oxgHyaCU9yYXvcLsvoVaHJq/s5xXI6/XXP6tz7R9xAOtHnSO/tXtF3WRTlA==",
      "license": "MIT"
    },
    "node_modules/netmask": {
      "version": "2.0.2",
      "resolved": "https://registry.npmmirror.com/netmask/-/netmask-2.0.2.tgz",
      "integrity": "sha512-dBpDMdxv9Irdq66304OLfEmQ9tbNRFnFTuZiLo+bD+r332bBmMJ8GBLXklIXXgxd3+v9+KUnZaUR5PJMa75Gsg==",
      "license": "MIT",
      "engines": {
        "node": ">= 0.4.0"
      }
    },
    "node_modules/pac-proxy-agent": {
      "version": "8.0.0",
      "resolved": "https://registry.npmmirror.com/pac-proxy-agent/-/pac-proxy-agent-8.0.0.tgz",
      "integrity": "sha512-HyCoVbyQ/nbVlQ/R6wBu0YXhbG2oAnEK5BQ3xMyj1OffQmU5NoOnpLzgPlKHaobUzz5NK0+AZHby4TdydAEBUA==",
      "license": "MIT",
      "dependencies": {
        "agent-base": "8.0.0",
        "debug": "^4.3.4",
        "get-uri": "7.0.0",
        "http-proxy-agent": "8.0.0",
        "https-proxy-agent": "8.0.0",
        "pac-resolver": "8.0.0",
        "quickjs-wasi": "^0.0.1",
        "socks-proxy-agent": "9.0.0"
      },
      "engines": {
        "node": ">= 14"
      }
    },
    "node_modules/pac-resolver": {
      "version": "8.0.0",
      "resolved": "https://registry.npmmirror.com/pac-resolver/-/pac-resolver-8.0.0.tgz",
      "integrity": "sha512-SVNzOxVq2zuTew3WAt7U8UghwzJzuWYuJryd3y8FxyLTZdjVoCzY8kLP39PpEqQCDvlMWdQXwViu0sYT3eiU2w==",
      "license": "MIT",
      "dependencies": {
        "degenerator": "6.0.0",
        "netmask": "^2.0.2"
      },
      "engines": {
        "node": ">= 14"
      },
      "peerDependencies": {
        "quickjs-wasi": "^0.0.1"
      }
    },
    "node_modules/proxy-agent": {
      "version": "7.0.0",
      "resolved": "https://registry.npmmirror.com/proxy-agent/-/proxy-agent-7.0.0.tgz",
      "integrity": "sha512-okTgt79rHTvMHkr/Ney5rZpgCHh3g1g3tI5uhkgN5b7OeI3n0Q/ui1uv9OdrnZNJM9WIZJqZPh/UJs+YtO/TMQ==",
      "license": "MIT",
      "dependencies": {
        "agent-base": "8.0.0",
        "debug": "^4.3.4",
        "http-proxy-agent": "8.0.0",
        "https-proxy-agent": "8.0.0",
        "lru-cache": "^7.14.1",
        "pac-proxy-agent": "8.0.0",
        "proxy-from-env": "^1.1.0",
        "socks-proxy-agent": "9.0.0"
      },
      "engines": {
        "node": ">= 14"
      }
    },
    "node_modules/proxy-from-env": {
      "version": "1.1.0",
      "resolved": "https://registry.npmmirror.com/proxy-from-env/-/proxy-from-env-1.1.0.tgz",
      "integrity": "sha512-D+zkORCbA9f1tdWRK0RaCR3GPv50cMxcrz4X8k5LTSUD1Dkw47mKJEZQNunItRTkWwgtaUSo1RVFRIG9ZXiFYg==",
      "license": "MIT"
    },
    "node_modules/quickjs-wasi": {
      "version": "0.0.1",
      "resolved": "https://registry.npmmirror.com/quickjs-wasi/-/quickjs-wasi-0.0.1.tgz",
      "integrity": "sha512-fBWNLTBkxkLAhe1AzF1hyXEvuA+N+vV1WMP2D6iiMUblvmOt8Pp5t8zUcgvz7aYA1ldUdxDlgUse15dmcKjkNg==",
      "license": "MIT"
    },
    "node_modules/smart-buffer": {
      "version": "4.2.0",
      "resolved": "https://registry.npmmirror.com/smart-buffer/-/smart-buffer-4.2.0.tgz",
      "integrity": "sha512-94hK0Hh8rPqQl2xXc3HsaBoOXKV20MToPkcXvwbISWLEs+64sBq5kFgn2kJDHb1Pry9yrP0dxrCI9RRci7RXKg==",
      "license": "MIT",
      "engines": {
        "node": ">= 6.0.0",
        "npm": ">= 3.0.0"
      }
    },
    "node_modules/socks": {
      "version": "2.8.7",
      "resolved": "https://registry.npmmirror.com/socks/-/socks-2.8.7.tgz",
      "integrity": "sha512-HLpt+uLy/pxB+bum/9DzAgiKS8CX1EvbWxI4zlmgGCExImLdiad2iCwXT5Z4c9c3Eq8rP2318mPW2c+QbtjK8A==",
      "license": "MIT",
      "dependencies": {
        "ip-address": "^10.0.1",
        "smart-buffer": "^4.2.0"
      },
      "engines": {
        "node": ">= 10.0.0",
        "npm": ">= 3.0.0"
      }
    },
    "node_modules/socks-proxy-agent": {
      "version": "9.0.0",
      "resolved": "https://registry.npmmirror.com/socks-proxy-agent/-/socks-proxy-agent-9.0.0.tgz",
      "integrity": "sha512-fFlbMlfsXhK02ZB8aZY7Hwxh/IHBV9b1Oq9bvBk6tkFWXvdAxUgA0wbw/NYR5liU3Y5+KI6U4FH3kYJt9QYv0w==",
      "license": "MIT",
      "dependencies": {
        "agent-base": "8.0.0",
        "debug": "^4.3.4",
        "socks": "^2.8.3"
      },
      "engines": {
        "node": ">= 14"
      }
    },
    "node_modules/source-map": {
      "version": "0.6.1",
      "resolved": "https://registry.npmmirror.com/source-map/-/source-map-0.6.1.tgz",
      "integrity": "sha512-UjgapumWlbMhkBgzT7Ykc5YXUT46F0iKu8SGXq0bcwP5dz/h0Plj6enJqjz1Zbq2l5WaqYnrVbwWOWMyF3F47g==",
      "license": "BSD-3-Clause",
      "optional": true,
      "engines": {
        "node": ">=0.10.0"
      }
    },
    "node_modules/tslib": {
      "version": "2.8.1",
      "resolved": "https://registry.npmmirror.com/tslib/-/tslib-2.8.1.tgz",
      "integrity": "sha512-oJFu94HQb+KVduSUQL7wnpmqnfmLsOA/nAh6b6EH0wCEoK0/mPeXU6c3wKDV83MkOuHPRHtSXKKU99IBazS/2w==",
      "license": "0BSD"
    }
  }
}
